// !$*UTF8*$!
{
	archiveVersion = 1;
	classes = {
	};
	objectVersion = 46;
	objects = {

/* Begin PBXBuildFile section */
		326AE5601A901C2600043AA1 /* Foundation.framework in Frameworks */ = {isa = PBXBuildFile; fileRef = 326AE55F1A901C2600043AA1 /* Foundation.framework */; };
		326AE5621A901C2600043AA1 /* CoreGraphics.framework in Frameworks */ = {isa = PBXBuildFile; fileRef = 326AE5611A901C2600043AA1 /* CoreGraphics.framework */; };
		326AE5641A901C2600043AA1 /* UIKit.framework in Frameworks */ = {isa = PBXBuildFile; fileRef = 326AE5631A901C2600043AA1 /* UIKit.framework */; };
		326AE56A1A901C2600043AA1 /* InfoPlist.strings in Resources */ = {isa = PBXBuildFile; fileRef = 326AE5681A901C2600043AA1 /* InfoPlist.strings */; };
		326AE56C1A901C2600043AA1 /* main.m in Sources */ = {isa = PBXBuildFile; fileRef = 326AE56B1A901C2600043AA1 /* main.m */; };
		326AE5701A901C2600043AA1 /* MJAppDelegate.m in Sources */ = {isa = PBXBuildFile; fileRef = 326AE56F1A901C2600043AA1 /* MJAppDelegate.m */; };
		326AE5731A901C2600043AA1 /* Main.storyboard in Resources */ = {isa = PBXBuildFile; fileRef = 326AE5711A901C2600043AA1 /* Main.storyboard */; };
		326AE5761A901C2600043AA1 /* MJViewController.m in Sources */ = {isa = PBXBuildFile; fileRef = 326AE5751A901C2600043AA1 /* MJViewController.m */; };
		326AE5781A901C2600043AA1 /* Images.xcassets in Resources */ = {isa = PBXBuildFile; fileRef = 326AE5771A901C2600043AA1 /* Images.xcassets */; };
		326AE57F1A901C2600043AA1 /* XCTest.framework in Frameworks */ = {isa = PBXBuildFile; fileRef = 326AE57E1A901C2600043AA1 /* XCTest.framework */; };
		326AE5801A901C2600043AA1 /* Foundation.framework in Frameworks */ = {isa = PBXBuildFile; fileRef = 326AE55F1A901C2600043AA1 /* Foundation.framework */; };
		326AE5811A901C2600043AA1 /* UIKit.framework in Frameworks */ = {isa = PBXBuildFile; fileRef = 326AE5631A901C2600043AA1 /* UIKit.framework */; };
		326AE5891A901C2600043AA1 /* InfoPlist.strings in Resources */ = {isa = PBXBuildFile; fileRef = 326AE5871A901C2600043AA1 /* InfoPlist.strings */; };
		326AE58B1A901C2600043AA1 /* scrollView_____Tests.m in Sources */ = {isa = PBXBuildFile; fileRef = 326AE58A1A901C2600043AA1 /* scrollView_____Tests.m */; };
		326AE59D1A901CC300043AA1 /* 01.jpg in Resources */ = {isa = PBXBuildFile; fileRef = 326AE5951A901CC300043AA1 /* 01.jpg */; };
		326AE59E1A901CC300043AA1 /* 02.jpg in Resources */ = {isa = PBXBuildFile; fileRef = 326AE5961A901CC300043AA1 /* 02.jpg */; };
		326AE59F1A901CC300043AA1 /* 03.jpg in Resources */ = {isa = PBXBuildFile; fileRef = 326AE5971A901CC300043AA1 /* 03.jpg */; };
		326AE5A01A901CC300043AA1 /* 04.jpg in Resources */ = {isa = PBXBuildFile; fileRef = 326AE5981A901CC300043AA1 /* 04.jpg */; };
		326AE5A11A901CC300043AA1 /* 05.jpg in Resources */ = {isa = PBXBuildFile; fileRef = 326AE5991A901CC300043AA1 /* 05.jpg */; };
		326AE5A21A901CC300043AA1 /* 06.jpg in Resources */ = {isa = PBXBuildFile; fileRef = 326AE59A1A901CC300043AA1 /* 06.jpg */; };
		326AE5A31A901CC300043AA1 /* 07.jpg in Resources */ = {isa = PBXBuildFile; fileRef = 326AE59B1A901CC300043AA1 /* 07.jpg */; };
		326AE5A41A901CC300043AA1 /* 08.jpg in Resources */ = {isa = PBXBuildFile; fileRef = 326AE59C1A901CC300043AA1 /* 08.jpg */; };
/* End PBXBuildFile section */

/* Begin PBXContainerItemProxy section */
		326AE5821A901C2600043AA1 /* PBXContainerItemProxy */ = {
			isa = PBXContainerItemProxy;
			containerPortal = 326AE5541A901C2600043AA1 /* Project object */;
			proxyType = 1;
			remoteGlobalIDString = 326AE55B1A901C2600043AA1;
			remoteInfo = "scrollView-图片分页";
		};
/* End PBXContainerItemProxy section */

/* Begin PBXFileReference section */
		326AE55C1A901C2600043AA1 /* scrollView-图片分页.app */ = {isa = PBXFileReference; explicitFileType = wrapper.application; includeInIndex = 0; path = "scrollView-图片分页.app"; sourceTree = BUILT_PRODUCTS_DIR; };
		326AE55F1A901C2600043AA1 /* Foundation.framework */ = {isa = PBXFileReference; lastKnownFileType = wrapper.framework; name = Foundation.framework; path = System/Library/Frameworks/Foundation.framework; sourceTree = SDKROOT; };
		326AE5611A901C2600043AA1 /* CoreGraphics.framework */ = {isa = PBXFileReference; lastKnownFileType = wrapper.framework; name = CoreGraphics.framework; path = System/Library/Frameworks/CoreGraphics.framework; sourceTree = SDKROOT; };
		326AE5631A901C2600043AA1 /* UIKit.framework */ = {isa = PBXFileReference; lastKnownFileType = wrapper.framework; name = UIKit.framework; path = System/Library/Frameworks/UIKit.framework; sourceTree = SDKROOT; };
		326AE5671A901C2600043AA1 /* scrollView-图片分页-Info.plist */ = {isa = PBXFileReference; lastKnownFileType = text.plist.xml; path = "scrollView-图片分页-Info.plist"; sourceTree = "<group>"; };
		326AE5691A901C2600043AA1 /* en */ = {isa = PBXFileReference; lastKnownFileType = text.plist.strings; name = en; path = en.lproj/InfoPlist.strings; sourceTree = "<group>"; };
		326AE56B1A901C2600043AA1 /* main.m */ = {isa = PBXFileReference; lastKnownFileType = sourcecode.c.objc; path = main.m; sourceTree = "<group>"; };
		326AE56D1A901C2600043AA1 /* scrollView-图片分页-Prefix.pch */ = {isa = PBXFileReference; lastKnownFileType = sourcecode.c.h; path = "scrollView-图片分页-Prefix.pch"; sourceTree = "<group>"; };
		326AE56E1A901C2600043AA1 /* MJAppDelegate.h */ = {isa = PBXFileReference; lastKnownFileType = sourcecode.c.h; path = MJAppDelegate.h; sourceTree = "<group>"; };
		326AE56F1A901C2600043AA1 /* MJAppDelegate.m */ = {isa = PBXFileReference; lastKnownFileType = sourcecode.c.objc; path = MJAppDelegate.m; sourceTree = "<group>"; };
		326AE5721A901C2600043AA1 /* Base */ = {isa = PBXFileReference; lastKnownFileType = file.storyboard; name = Base; path = Base.lproj/Main.storyboard; sourceTree = "<group>"; };
		326AE5741A901C2600043AA1 /* MJViewController.h */ = {isa = PBXFileReference; lastKnownFileType = sourcecode.c.h; path = MJViewController.h; sourceTree = "<group>"; };
		326AE5751A901C2600043AA1 /* MJViewController.m */ = {isa = PBXFileReference; lastKnownFileType = sourcecode.c.objc; path = MJViewController.m; sourceTree = "<group>"; };
		326AE5771A901C2600043AA1 /* Images.xcassets */ = {isa = PBXFileReference; lastKnownFileType = folder.assetcatalog; path = Images.xcassets; sourceTree = "<group>"; };
		326AE57D1A901C2600043AA1 /* scrollView-图片分页Tests.xctest */ = {isa = PBXFileReference; explicitFileType = wrapper.cfbundle; includeInIndex = 0; path = "scrollView-图片分页Tests.xctest"; sourceTree = BUILT_PRODUCTS_DIR; };
		326AE57E1A901C2600043AA1 /* XCTest.framework */ = {isa = PBXFileReference; lastKnownFileType = wrapper.framework; name = XCTest.framework; path = Library/Frameworks/XCTest.framework; sourceTree = DEVELOPER_DIR; };
		326AE5861A901C2600043AA1 /* scrollView-图片分页Tests-Info.plist */ = {isa = PBXFileReference; lastKnownFileType = text.plist.xml; path = "scrollView-图片分页Tests-Info.plist"; sourceTree = "<group>"; };
		326AE5881A901C2600043AA1 /* en */ = {isa = PBXFileReference; lastKnownFileType = text.plist.strings; name = en; path = en.lproj/InfoPlist.strings; sourceTree = "<group>"; };
		326AE58A1A901C2600043AA1 /* scrollView_____Tests.m */ = {isa = PBXFileReference; lastKnownFileType = sourcecode.c.objc; path = "scrollView_____Tests.m"; sourceTree = "<group>"; };
		326AE5951A901CC300043AA1 /* 01.jpg */ = {isa = PBXFileReference; lastKnownFileType = image.jpeg; path = 01.jpg; sourceTree = "<group>"; };
		326AE5961A901CC300043AA1 /* 02.jpg */ = {isa = PBXFileReference; lastKnownFileType = image.jpeg; path = 02.jpg; sourceTree = "<group>"; };
		326AE5971A901CC300043AA1 /* 03.jpg */ = {isa = PBXFileReference; lastKnownFileType = image.jpeg; path = 03.jpg; sourceTree = "<group>"; };
		326AE5981A901CC300043AA1 /* 04.jpg */ = {isa = PBXFileReference; lastKnownFileType = image.jpeg; path = 04.jpg; sourceTree = "<group>"; };
		326AE5991A901CC300043AA1 /* 05.jpg */ = {isa = PBXFileReference; lastKnownFileType = image.jpeg; path = 05.jpg; sourceTree = "<group>"; };
		326AE59A1A901CC300043AA1 /* 06.jpg */ = {isa = PBXFileReference; lastKnownFileType = image.jpeg; path = 06.jpg; sourceTree = "<group>"; };
		326AE59B1A901CC300043AA1 /* 07.jpg */ = {isa = PBXFileReference; lastKnownFileType = image.jpeg; path = 07.jpg; sourceTree = "<group>"; };
		326AE59C1A901CC300043AA1 /* 08.jpg */ = {isa = PBXFileReference; lastKnownFileType = image.jpeg; path = 08.jpg; sourceTree = "<group>"; };
/* End PBXFileReference section */

/* Begin PBXFrameworksBuildPhase section */
		326AE5591A901C2600043AA1 /* Frameworks */ = {
			isa = PBXFrameworksBuildPhase;
			buildActionMask = 2147483647;
			files = (
				326AE5621A901C2600043AA1 /* CoreGraphics.framework in Frameworks */,
				326AE5641A901C2600043AA1 /* UIKit.framework in Frameworks */,
				326AE5601A901C2600043AA1 /* Foundation.framework in Frameworks */,
			);
			runOnlyForDeploymentPostprocessing = 0;
		};
		326AE57A1A901C2600043AA1 /* Frameworks */ = {
			isa = PBXFrameworksBuildPhase;
			buildActionMask = 2147483647;
			files = (
				326AE57F1A901C2600043AA1 /* XCTest.framework in Frameworks */,
				326AE5811A901C2600043AA1 /* UIKit.framework in Frameworks */,
				326AE5801A901C2600043AA1 /* Foundation.framework in Frameworks */,
			);
			runOnlyForDeploymentPostprocessing = 0;
		};
/* End PBXFrameworksBuildPhase section */

/* Begin PBXGroup section */
		326AE5531A901C2600043AA1 = {
			isa = PBXGroup;
			children = (
				326AE5651A901C2600043AA1 /* scrollView-图片分页 */,
				326AE5841A901C2600043AA1 /* scrollView-图片分页Tests */,
				326AE55E1A901C2600043AA1 /* Frameworks */,
				326AE55D1A901C2600043AA1 /* Products */,
			);
			sourceTree = "<group>";
		};
		326AE55D1A901C2600043AA1 /* Products */ = {
			isa = PBXGroup;
			children = (
				326AE55C1A901C2600043AA1 /* scrollView-图片分页.app */,
				326AE57D1A901C2600043AA1 /* scrollView-图片分页Tests.xctest */,
			);
			name = Products;
			sourceTree = "<group>";
		};
		326AE55E1A901C2600043AA1 /* Frameworks */ = {
			isa = PBXGroup;
			children = (
				326AE55F1A901C2600043AA1 /* Foundation.framework */,
				326AE5611A901C2600043AA1 /* CoreGraphics.framework */,
				326AE5631A901C2600043AA1 /* UIKit.framework */,
				326AE57E1A901C2600043AA1 /* XCTest.framework */,
			);
			name = Frameworks;
			sourceTree = "<group>";
		};
		326AE5651A901C2600043AA1 /* scrollView-图片分页 */ = {
			isa = PBXGroup;
			children = (
				326AE56E1A901C2600043AA1 /* MJAppDelegate.h */,
				326AE56F1A901C2600043AA1 /* MJAppDelegate.m */,
				326AE5711A901C2600043AA1 /* Main.storyboard */,
				326AE5741A901C2600043AA1 /* MJViewController.h */,
				326AE5751A901C2600043AA1 /* MJViewController.m */,
				326AE5771A901C2600043AA1 /* Images.xcassets */,
				326AE5661A901C2600043AA1 /* Supporting Files */,
			);
			path = "scrollView-图片分页";
			sourceTree = "<group>";
		};
		326AE5661A901C2600043AA1 /* Supporting Files */ = {
			isa = PBXGroup;
			children = (
				326AE5941A901C6600043AA1 /* images */,
				326AE5671A901C2600043AA1 /* scrollView-图片分页-Info.plist */,
				326AE5681A901C2600043AA1 /* InfoPlist.strings */,
				326AE56B1A901C2600043AA1 /* main.m */,
				326AE56D1A901C2600043AA1 /* scrollView-图片分页-Prefix.pch */,
			);
			name = "Supporting Files";
			sourceTree = "<group>";
		};
		326AE5841A901C2600043AA1 /* scrollView-图片分页Tests */ = {
			isa = PBXGroup;
			children = (
				326AE58A1A901C2600043AA1 /* scrollView_____Tests.m */,
				326AE5851A901C2600043AA1 /* Supporting Files */,
			);
			path = "scrollView-图片分页Tests";
			sourceTree = "<group>";
		};
		326AE5851A901C2600043AA1 /* Supporting Files */ = {
			isa = PBXGroup;
			children = (
				326AE5861A901C2600043AA1 /* scrollView-图片分页Tests-Info.plist */,
				326AE5871A901C2600043AA1 /* InfoPlist.strings */,
			);
			name = "Supporting Files";
			sourceTree = "<group>";
		};
		326AE5941A901C6600043AA1 /* images */ = {
			isa = PBXGroup;
			children = (
				326AE5951A901CC300043AA1 /* 01.jpg */,
				326AE5961A901CC300043AA1 /* 02.jpg */,
				326AE5971A901CC300043AA1 /* 03.jpg */,
				326AE5981A901CC300043AA1 /* 04.jpg */,
				326AE5991A901CC300043AA1 /* 05.jpg */,
				326AE59A1A901CC300043AA1 /* 06.jpg */,
				326AE59B1A901CC300043AA1 /* 07.jpg */,
				326AE59C1A901CC300043AA1 /* 08.jpg */,
			);
			name = images;
			sourceTree = "<group>";
		};
/* End PBXGroup section */

/* Begin PBXNativeTarget section */
		326AE55B1A901C2600043AA1 /* scrollView-图片分页 */ = {
			isa = PBXNativeTarget;
			buildConfigurationList = 326AE58E1A901C2600043AA1 /* Build configuration list for PBXNativeTarget "scrollView-图片分页" */;
			buildPhases = (
				326AE5581A901C2600043AA1 /* Sources */,
				326AE5591A901C2600043AA1 /* Frameworks */,
				326AE55A1A901C2600043AA1 /* Resources */,
			);
			buildRules = (
			);
			dependencies = (
			);
			name = "scrollView-图片分页";
			productName = "scrollView-图片分页";
			productReference = 326AE55C1A901C2600043AA1 /* scrollView-图片分页.app */;
			productType = "com.apple.product-type.application";
		};
		326AE57C1A901C2600043AA1 /* scrollView-图片分页Tests */ = {
			isa = PBXNativeTarget;
			buildConfigurationList = 326AE5911A901C2600043AA1 /* Build configuration list for PBXNativeTarget "scrollView-图片分页Tests" */;
			buildPhases = (
				326AE5791A901C2600043AA1 /* Sources */,
				326AE57A1A901C2600043AA1 /* Frameworks */,
				326AE57B1A901C2600043AA1 /* Resources */,
			);
			buildRules = (
			);
			dependencies = (
				326AE5831A901C2600043AA1 /* PBXTargetDependency */,
			);
			name = "scrollView-图片分页Tests";
			productName = "scrollView-图片分页Tests";
			productReference = 326AE57D1A901C2600043AA1 /* scrollView-图片分页Tests.xctest */;
			productType = "com.apple.product-type.bundle.unit-test";
		};
/* End PBXNativeTarget section */

/* Begin PBXProject section */
		326AE5541A901C2600043AA1 /* Project object */ = {
			isa = PBXProject;
			attributes = {
				CLASSPREFIX = MJ;
				LastUpgradeCheck = 0510;
				ORGANIZATIONNAME = China;
				TargetAttributes = {
					326AE57C1A901C2600043AA1 = {
						TestTargetID = 326AE55B1A901C2600043AA1;
					};
				};
			};
			buildConfigurationList = 326AE5571A901C2600043AA1 /* Build configuration list for PBXProject "scrollView-图片分页" */;
			compatibilityVersion = "Xcode 3.2";
			developmentRegion = English;
			hasScannedForEncodings = 0;
			knownRegions = (
				en,
				Base,
			);
			mainGroup = 326AE5531A901C2600043AA1;
			productRefGroup = 326AE55D1A901C2600043AA1 /* Products */;
			projectDirPath = "";
			projectRoot = "";
			targets = (
				326AE55B1A901C2600043AA1 /* scrollView-图片分页 */,
				326AE57C1A901C2600043AA1 /* scrollView-图片分页Tests */,
			);
		};
/* End PBXProject section */

/* Begin PBXResourcesBuildPhase section */
		326AE55A1A901C2600043AA1 /* Resources */ = {
			isa = PBXResourcesBuildPhase;
			buildActionMask = 2147483647;
			files = (
				326AE5A31A901CC300043AA1 /* 07.jpg in Resources */,
				326AE59F1A901CC300043AA1 /* 03.jpg in Resources */,
				326AE5A41A901CC300043AA1 /* 08.jpg in Resources */,
				326AE59E1A901CC300043AA1 /* 02.jpg in Resources */,
				326AE5A11A901CC300043AA1 /* 05.jpg in Resources */,
				326AE5A21A901CC300043AA1 /* 06.jpg in Resources */,
				326AE5781A901C2600043AA1 /* Images.xcassets in Resources */,
				326AE56A1A901C2600043AA1 /* InfoPlist.strings in Resources */,
				326AE5A01A901CC300043AA1 /* 04.jpg in Resources */,
				326AE59D1A901CC300043AA1 /* 01.jpg in Resources */,
				326AE5731A901C2600043AA1 /* Main.storyboard in Resources */,
			);
			runOnlyForDeploymentPostprocessing = 0;
		};
		326AE57B1A901C2600043AA1 /* Resources */ = {
			isa = PBXResourcesBuildPhase;
			buildActionMask = 2147483647;
			files = (
				326AE5891A901C2600043AA1 /* InfoPlist.strings in Resources */,
			);
			runOnlyForDeploymentPostprocessing = 0;
		};
/* End PBXResourcesBuildPhase section */

/* Begin PBXSourcesBuildPhase section */
		326AE5581A901C2600043AA1 /* Sources */ = {
			isa = PBXSourcesBuildPhase;
			buildActionMask = 2147483647;
			files = (
				326AE56C1A901C2600043AA1 /* main.m in Sources */,
				326AE5761A901C2600043AA1 /* MJViewController.m in Sources */,
				326AE5701A901C2600043AA1 /* MJAppDelegate.m in Sources */,
			);
			runOnlyForDeploymentPostprocessing = 0;
		};
		326AE5791A901C2600043AA1 /* Sources */ = {
			isa = PBXSourcesBuildPhase;
			buildActionMask = 2147483647;
			files = (
				326AE58B1A901C2600043AA1 /* scrollView_____Tests.m in Sources */,
			);
			runOnlyForDeploymentPostprocessing = 0;
		};
/* End PBXSourcesBuildPhase section */

/* Begin PBXTargetDependency section */
		326AE5831A901C2600043AA1 /* PBXTargetDependency */ = {
			isa = PBXTargetDependency;
			target = 326AE55B1A901C2600043AA1 /* scrollView-图片分页 */;
			targetProxy = 326AE5821A901C2600043AA1 /* PBXContainerItemProxy */;
		};
/* End PBXTargetDependency section */

/* Begin PBXVariantGroup section */
		326AE5681A901C2600043AA1 /* InfoPlist.strings */ = {
			isa = PBXVariantGroup;
			children = (
				326AE5691A901C2600043AA1 /* en */,
			);
			name = InfoPlist.strings;
			sourceTree = "<group>";
		};
		326AE5711A901C2600043AA1 /* Main.storyboard */ = {
			isa = PBXVariantGroup;
			children = (
				326AE5721A901C2600043AA1 /* Base */,
			);
			name = Main.storyboard;
			sourceTree = "<group>";
		};
		326AE5871A901C2600043AA1 /* InfoPlist.strings */ = {
			isa = PBXVariantGroup;
			children = (
				326AE5881A901C2600043AA1 /* en */,
			);
			name = InfoPlist.strings;
			sourceTree = "<group>";
		};
/* End PBXVariantGroup section */

/* Begin XCBuildConfiguration section */
		326AE58C1A901C2600043AA1 /* Debug */ = {
			isa = XCBuildConfiguration;
			buildSettings = {
				ALWAYS_SEARCH_USER_PATHS = NO;
				CLANG_CXX_LANGUAGE_STANDARD = "gnu++0x";
				CLANG_CXX_LIBRARY = "libc++";
				CLANG_ENABLE_MODULES = YES;
				CLANG_ENABLE_OBJC_ARC = YES;
				CLANG_WARN_BOOL_CONVERSION = YES;
				CLANG_WARN_CONSTANT_CONVERSION = YES;
				CLANG_WARN_DIRECT_OBJC_ISA_USAGE = YES_ERROR;
				CLANG_WARN_EMPTY_BODY = YES;
				CLANG_WARN_ENUM_CONVERSION = YES;
				CLANG_WARN_INT_CONVERSION = YES;
				CLANG_WARN_OBJC_ROOT_CLASS = YES_ERROR;
				CLANG_WARN__DUPLICATE_METHOD_MATCH = YES;
				"CODE_SIGN_IDENTITY[sdk=iphoneos*]" = "iPhone Developer";
				COPY_PHASE_STRIP = NO;
				GCC_C_LANGUAGE_STANDARD = gnu99;
				GCC_DYNAMIC_NO_PIC = NO;
				GCC_OPTIMIZATION_LEVEL = 0;
				GCC_PREPROCESSOR_DEFINITIONS = (
					"DEBUG=1",
					"$(inherited)",
				);
				GCC_SYMBOLS_PRIVATE_EXTERN = NO;
				GCC_WARN_64_TO_32_BIT_CONVERSION = YES;
				GCC_WARN_ABOUT_RETURN_TYPE = YES_ERROR;
				GCC_WARN_UNDECLARED_SELECTOR = YES;
				GCC_WARN_UNINITIALIZED_AUTOS = YES_AGGRESSIVE;
				GCC_WARN_UNUSED_FUNCTION = YES;
				GCC_WARN_UNUSED_VARIABLE = YES;
				IPHONEOS_DEPLOYMENT_TARGET = 7.1;
				ONLY_ACTIVE_ARCH = YES;
				SDKROOT = iphoneos;
			};
			name = Debug;
		};
		326AE58D1A901C2600043AA1 /* Release */ = {
			isa = XCBuildConfiguration;
			buildSettings = {
				ALWAYS_SEARCH_USER_PATHS = NO;
				CLANG_CXX_LANGUAGE_STANDARD = "gnu++0x";
				CLANG_CXX_LIBRARY = "libc++";
				CLANG_ENABLE_MODULES = YES;
				CLANG_ENABLE_OBJC_ARC = YES;
				CLANG_WARN_BOOL_CONVERSION = YES;
				CLANG_WARN_CONSTANT_CONVERSION = YES;
				CLANG_WARN_DIRECT_OBJC_ISA_USAGE = YES_ERROR;
				CLANG_WARN_EMPTY_BODY = YES;
				CLANG_WARN_ENUM_CONVERSION = YES;
				CLANG_WARN_INT_CONVERSION = YES;
				CLANG_WARN_OBJC_ROOT_CLASS = YES_ERROR;
				CLANG_WARN__DUPLICATE_METHOD_MATCH = YES;
				"CODE_SIGN_IDENTITY[sdk=iphoneos*]" = "iPhone Developer";
				COPY_PHASE_STRIP = YES;
				ENABLE_NS_ASSERTIONS = NO;
				GCC_C_LANGUAGE_STANDARD = gnu99;
				GCC_WARN_64_TO_32_BIT_CONVERSION = YES;
				GCC_WARN_ABOUT_RETURN_TYPE = YES_ERROR;
				GCC_WARN_UNDECLARED_SELECTOR = YES;
				GCC_WARN_UNINITIALIZED_AUTOS = YES_AGGRESSIVE;
				GCC_WARN_UNUSED_FUNCTION = YES;
				GCC_WARN_UNUSED_VARIABLE = YES;
				IPHONEOS_DEPLOYMENT_TARGET = 7.1;
				SDKROOT = iphoneos;
				VALIDATE_PRODUCT = YES;
			};
			name = Release;
		};
		326AE58F1A901C2600043AA1 /* Debug */ = {
			isa = XCBuildConfiguration;
			buildSettings = {
				ASSETCATALOG_COMPILER_APPICON_NAME = AppIcon;
				ASSETCATALOG_COMPILER_LAUNCHIMAGE_NAME = LaunchImage;
				GCC_PRECOMPILE_PREFIX_HEADER = YES;
				GCC_PREFIX_HEADER = "scrollView-图片分页/scrollView-图片分页-Prefix.pch";
				INFOPLIST_FILE = "scrollView-图片分页/scrollView-图片分页-Info.plist";
				PRODUCT_NAME = "$(TARGET_NAME)";
				WRAPPER_EXTENSION = app;
			};
			name = Debug;
		};
		326AE5901A901C2600043AA1 /* Release */ = {
			isa = XCBuildConfiguration;
			buildSettings = {
				ASSETCATALOG_COMPILER_APPICON_NAME = AppIcon;
				ASSETCATALOG_COMPILER_LAUNCHIMAGE_NAME = LaunchImage;
				GCC_PRECOMPILE_PREFIX_HEADER = YES;
				GCC_PREFIX_HEADER = "scrollView-图片分页/scrollView-图片分页-Prefix.pch";
				INFOPLIST_FILE = "scrollView-图片分页/scrollView-图片分页-Info.plist";
				PRODUCT_NAME = "$(TARGET_NAME)";
				WRAPPER_EXTENSION = app;
			};
			name = Release;
		};
		326AE5921A901C2600043AA1 /* Debug */ = {
			isa = XCBuildConfiguration;
			buildSettings = {
				BUNDLE_LOADER = "$(BUILT_PRODUCTS_DIR)/scrollView-图片分页.app/scrollView-图片分页";
				FRAMEWORK_SEARCH_PATHS = (
					"$(SDKROOT)/Developer/Library/Frameworks",
					"$(inherited)",
					"$(DEVELOPER_FRAMEWORKS_DIR)",
				);
				GCC_PRECOMPILE_PREFIX_HEADER = YES;
				GCC_PREFIX_HEADER = "scrollView-图片分页/scrollView-图片分页-Prefix.pch";
				GCC_PREPROCESSOR_DEFINITIONS = (
					"DEBUG=1",
					"$(inherited)",
				);
				INFOPLIST_FILE = "scrollView-图片分页Tests/scrollView-图片分页Tests-Info.plist";
				PRODUCT_NAME = "$(TARGET_NAME)";
				TEST_HOST = "$(BUNDLE_LOADER)";
				WRAPPER_EXTENSION = xctest;
			};
			name = Debug;
		};
		326AE5931A901C2600043AA1 /* Release */ = {
			isa = XCBuildConfiguration;
			buildSettings = {
				BUNDLE_LOADER = "$(BUILT_PRODUCTS_DIR)/scrollView-图片分页.app/scrollView-图片分页";
				FRAMEWORK_SEARCH_PATHS = (
					"$(SDKROOT)/Developer/Library/Frameworks",
					"$(inherited)",
					"$(DEVELOPER_FRAMEWORKS_DIR)",
				);
				GCC_PRECOMPILE_PREFIX_HEADER = YES;
				GCC_PREFIX_HEADER = "scrollView-图片分页/scrollView-图片分页-Prefix.pch";
				INFOPLIST_FILE = "scrollView-图片分页Tests/scrollView-图片分页Tests-Info.plist";
				PRODUCT_NAME = "$(TARGET_NAME)";
				TEST_HOST = "$(BUNDLE_LOADER)";
				WRAPPER_EXTENSION = xctest;
			};
			name = Release;
		};
/* End XCBuildConfiguration section */

/* Begin XCConfigurationList section */
		326AE5571A901C2600043AA1 /* Build configuration list for PBXProject "scrollView-图片分页" */ = {
			isa = XCConfigurationList;
			buildConfigurations = (
				326AE58C1A901C2600043AA1 /* Debug */,
				326AE58D1A901C2600043AA1 /* Release */,
			);
			defaultConfigurationIsVisible = 0;
			defaultConfigurationName = Release;
		};
		326AE58E1A901C2600043AA1 /* Build configuration list for PBXNativeTarget "scrollView-图片分页" */ = {
			isa = XCConfigurationList;
			buildConfigurations = (
				326AE58F1A901C2600043AA1 /* Debug */,
				326AE5901A901C2600043AA1 /* Release */,
			);
			defaultConfigurationIsVisible = 0;
		};
		326AE5911A901C2600043AA1 /* Build configuration list for PBXNativeTarget "scrollView-图片分页Tests" */ = {
			isa = XCConfigurationList;
			buildConfigurations = (
				326AE5921A901C2600043AA1 /* Debug */,
				326AE5931A901C2600043AA1 /* Release */,
			);
			defaultConfigurationIsVisible = 0;
		};
/* End XCConfigurationList section */
	};
	rootObject = 326AE5541A901C2600043AA1 /* Project object */;
}
